
Microsoft Visual Studio Solution File, Format Version 12.00
# Visual Studio 15
VisualStudioVersion = 15.0.27428.2002
MinimumVisualStudioVersion = 10.0.40219.1
Project("{FAE04EC0-301F-11D3-BF4B-00C04F79EFBC}") = "Harurow.Extensions.One", "Harurow.Extensions.One\Harurow.Extensions.One.csproj", "{178A82A5-53C2-4BCF-980C-1939FB081EE5}"
EndProject
Project("{9A19103F-16F7-4668-BE54-9A1E7A4F7556}") = "Harurow.Extensions.One.Analyzer", "Harurow.Extensions.One.Analyzer\Harurow.Extensions.One.Analyzer.csproj", "{96A99C66-B125-4962-93B4-EDB9EED03BA9}"
EndProject
Global
	GlobalSection(SolutionConfigurationPlatforms) = preSolution
		Debug|Any CPU = Debug|Any CPU
		Release|Any CPU = Release|Any CPU
	EndGlobalSection
	GlobalSection(ProjectConfigurationPlatforms) = postSolution
		{178A82A5-53C2-4BCF-980C-1939FB081EE5}.Debug|Any CPU.ActiveCfg = Debug|Any CPU
		{178A82A5-53C2-4BCF-980C-1939FB081EE5}.Debug|Any CPU.Build.0 = Debug|Any CPU
		{178A82A5-53C2-4BCF-980C-1939FB081EE5}.Release|Any CPU.ActiveCfg = Release|Any CPU
		{178A82A5-53C2-4BCF-980C-1939FB081EE5}.Release|Any CPU.Build.0 = Release|Any CPU
		{96A99C66-B125-4962-93B4-EDB9EED03BA9}.Debug|Any CPU.ActiveCfg = Debug|Any CPU
		{96A99C66-B125-4962-93B4-EDB9EED03BA9}.Debug|Any CPU.Build.0 = Debug|Any CPU
		{96A99C66-B125-4962-93B4-EDB9EED03BA9}.Release|Any CPU.ActiveCfg = Release|Any CPU
		{96A99C66-B125-4962-93B4-EDB9EED03BA9}.Release|Any CPU.Build.0 = Release|Any CPU
	EndGlobalSection
	GlobalSection(SolutionProperties) = preSolution
		HideSolutionNode = FALSE
	EndGlobalSection
	GlobalSection(ExtensibilityGlobals) = postSolution
		SolutionGuid = {BA986479-42C0-4032-B319-A7190133F027}
	EndGlobalSection
EndGlobal
